
Microsoft Visual Studio Solution File, Format Version 12.00
# Visual Studio Version 17
VisualStudioVersion = 17.8.34525.116
MinimumVisualStudioVersion = 10.0.40219.1
Project("{9A19103F-16F7-4668-BE54-9A1E7A4F7556}") = "CSharpOOPs", "CSharpOOPs.csproj", "{D5B5DEE3-F32A-4123-8BEC-DE96C592E97C}"
EndProject
Project("{9A19103F-16F7-4668-BE54-9A1E7A4F7556}") = "Polymorphism", "..\Polymorphism\Polymorphism.csproj", "{599E997F-416A-4082-863D-99575512CD11}"
EndProject
Project("{9A19103F-16F7-4668-BE54-9A1E7A4F7556}") = "WebApplication1", "..\WebApplication1\WebApplication1.csproj", "{8FA1F771-7389-4AFE-A22F-9741823820B8}"
EndProject
Project("{2150E333-8FDC-42A3-9474-1A3956D46DE8}") = "05Jun24", "05Jun24", "{09EB5335-954B-448C-862A-6E7F0F1F99F7}"
EndProject
Project("{9A19103F-16F7-4668-BE54-9A1E7A4F7556}") = "Abstraction", "..\Abstraction\Abstraction.csproj", "{84A869A6-18C7-4065-BFBE-C48D703DE37B}"
EndProject
Project("{2150E333-8FDC-42A3-9474-1A3956D46DE8}") = "06Jun24", "06Jun24", "{A718E25B-8B26-41CF-9C1C-52B81B3B3D41}"
EndProject
Project("{9A19103F-16F7-4668-BE54-9A1E7A4F7556}") = "Polimorphisum", "..\Polimorphisum\Polimorphisum.csproj", "{ABD1BFAA-4DBD-4175-8E58-FD4D19D90D25}"
EndProject
Project("{2150E333-8FDC-42A3-9474-1A3956D46DE8}") = "07Jun24", "07Jun24", "{8E864789-1C01-4474-83FC-7C1AF03C76E3}"
EndProject
Project("{9A19103F-16F7-4668-BE54-9A1E7A4F7556}") = "Collections", "..\Collections\Collections.csproj", "{816F7F43-2AC0-435A-84CD-119B1A532AFB}"
EndProject
Project("{2150E333-8FDC-42A3-9474-1A3956D46DE8}") = "10Jun24", "10Jun24", "{D595A7FD-79E6-4837-90EF-485EE6FBBDD3}"
EndProject
Project("{9A19103F-16F7-4668-BE54-9A1E7A4F7556}") = "CSharpLINQ", "..\CSharpLINQ\CSharpLINQ.csproj", "{182EC1EA-0F0A-46FE-9089-D6B2D9CA157C}"
EndProject
Project("{2150E333-8FDC-42A3-9474-1A3956D46DE8}") = "14Jun24", "14Jun24", "{FE477221-BC09-4232-A6C3-A03A23AB4DE9}"
EndProject
Project("{9A19103F-16F7-4668-BE54-9A1E7A4F7556}") = "C#FileIO", "..\C#FileIO\C#FileIO.csproj", "{1BB9CCDC-A4BB-4DD7-9C56-A3BE70EAD750}"
EndProject
Project("{2150E333-8FDC-42A3-9474-1A3956D46DE8}") = "18Jun24", "18Jun24", "{47B06E31-E7FC-475F-B3E7-4DF79A6F08FF}"
EndProject
Project("{9A19103F-16F7-4668-BE54-9A1E7A4F7556}") = "AsyncPrograming", "..\AsyncPrograming\AsyncPrograming.csproj", "{9F917F28-B9DA-4C1E-8FEC-066A0A2F8331}"
EndProject
Project("{2150E333-8FDC-42A3-9474-1A3956D46DE8}") = "19Jun24", "19Jun24", "{B8BFDB58-D311-423F-B849-34AFDD7ACC43}"
EndProject
Project("{9A19103F-16F7-4668-BE54-9A1E7A4F7556}") = "AppDB", "..\AppDB\AppDB.csproj", "{9CC3F0BD-FBEB-4313-B510-A79D4B7B7CB0}"
EndProject
Project("{2150E333-8FDC-42A3-9474-1A3956D46DE8}") = "27Jun24", "27Jun24", "{465F1B74-BEC3-45BB-90A3-62C0783FAD83}"
EndProject
Project("{9A19103F-16F7-4668-BE54-9A1E7A4F7556}") = "AdvanceConcepts", "..\AdvanceConcepts\AdvanceConcepts.csproj", "{6F4BBA84-2E22-4603-82ED-2229725A4A59}"
EndProject
Project("{2150E333-8FDC-42A3-9474-1A3956D46DE8}") = "09July24", "09July24", "{68CD1C43-9A86-41CF-8A70-C12F8AA2686A}"
EndProject
Project("{9A19103F-16F7-4668-BE54-9A1E7A4F7556}") = "Finexo", "..\Finexo\Finexo.csproj", "{B10FF4FF-ED5E-4CA9-8396-E18583DF9E0C}"
EndProject
Project("{9A19103F-16F7-4668-BE54-9A1E7A4F7556}") = "WebApplication2", "..\WebApplication2\WebApplication2.csproj", "{3FC6ED72-233D-4E8F-BF91-690A19301B8F}"
EndProject
Project("{2150E333-8FDC-42A3-9474-1A3956D46DE8}") = "10July24", "10July24", "{D86BC011-DF37-4672-BA11-9F56FD43D082}"
EndProject
Project("{9A19103F-16F7-4668-BE54-9A1E7A4F7556}") = "VRMS", "..\VRMS\VRMS.csproj", "{7D1CD197-4B57-414B-8C69-018CDD9A8637}"
EndProject
Project("{2150E333-8FDC-42A3-9474-1A3956D46DE8}") = "24July24", "24July24", "{08586FB8-3AD3-416E-95B2-D38FE6C06EB0}"
EndProject
Project("{FAE04EC0-301F-11D3-BF4B-00C04F79EFBC}") = "VRS", "..\VRS\VRS.csproj", "{02F5DD2E-C689-41C9-A30C-E70CF74C9433}"
EndProject
Global
	GlobalSection(SolutionConfigurationPlatforms) = preSolution
		Debug|Any CPU = Debug|Any CPU
		Release|Any CPU = Release|Any CPU
	EndGlobalSection
	GlobalSection(ProjectConfigurationPlatforms) = postSolution
		{D5B5DEE3-F32A-4123-8BEC-DE96C592E97C}.Debug|Any CPU.ActiveCfg = Debug|Any CPU
		{D5B5DEE3-F32A-4123-8BEC-DE96C592E97C}.Debug|Any CPU.Build.0 = Debug|Any CPU
		{D5B5DEE3-F32A-4123-8BEC-DE96C592E97C}.Release|Any CPU.ActiveCfg = Release|Any CPU
		{D5B5DEE3-F32A-4123-8BEC-DE96C592E97C}.Release|Any CPU.Build.0 = Release|Any CPU
		{599E997F-416A-4082-863D-99575512CD11}.Debug|Any CPU.ActiveCfg = Debug|Any CPU
		{599E997F-416A-4082-863D-99575512CD11}.Debug|Any CPU.Build.0 = Debug|Any CPU
		{599E997F-416A-4082-863D-99575512CD11}.Release|Any CPU.ActiveCfg = Release|Any CPU
		{599E997F-416A-4082-863D-99575512CD11}.Release|Any CPU.Build.0 = Release|Any CPU
		{8FA1F771-7389-4AFE-A22F-9741823820B8}.Debug|Any CPU.ActiveCfg = Debug|Any CPU
		{8FA1F771-7389-4AFE-A22F-9741823820B8}.Debug|Any CPU.Build.0 = Debug|Any CPU
		{8FA1F771-7389-4AFE-A22F-9741823820B8}.Release|Any CPU.ActiveCfg = Release|Any CPU
		{8FA1F771-7389-4AFE-A22F-9741823820B8}.Release|Any CPU.Build.0 = Release|Any CPU
		{84A869A6-18C7-4065-BFBE-C48D703DE37B}.Debug|Any CPU.ActiveCfg = Debug|Any CPU
		{84A869A6-18C7-4065-BFBE-C48D703DE37B}.Debug|Any CPU.Build.0 = Debug|Any CPU
		{84A869A6-18C7-4065-BFBE-C48D703DE37B}.Release|Any CPU.ActiveCfg = Release|Any CPU
		{84A869A6-18C7-4065-BFBE-C48D703DE37B}.Release|Any CPU.Build.0 = Release|Any CPU
		{ABD1BFAA-4DBD-4175-8E58-FD4D19D90D25}.Debug|Any CPU.ActiveCfg = Debug|Any CPU
		{ABD1BFAA-4DBD-4175-8E58-FD4D19D90D25}.Debug|Any CPU.Build.0 = Debug|Any CPU
		{ABD1BFAA-4DBD-4175-8E58-FD4D19D90D25}.Release|Any CPU.ActiveCfg = Release|Any CPU
		{ABD1BFAA-4DBD-4175-8E58-FD4D19D90D25}.Release|Any CPU.Build.0 = Release|Any CPU
		{816F7F43-2AC0-435A-84CD-119B1A532AFB}.Debug|Any CPU.ActiveCfg = Debug|Any CPU
		{816F7F43-2AC0-435A-84CD-119B1A532AFB}.Debug|Any CPU.Build.0 = Debug|Any CPU
		{816F7F43-2AC0-435A-84CD-119B1A532AFB}.Release|Any CPU.ActiveCfg = Release|Any CPU
		{816F7F43-2AC0-435A-84CD-119B1A532AFB}.Release|Any CPU.Build.0 = Release|Any CPU
		{182EC1EA-0F0A-46FE-9089-D6B2D9CA157C}.Debug|Any CPU.ActiveCfg = Debug|Any CPU
		{182EC1EA-0F0A-46FE-9089-D6B2D9CA157C}.Debug|Any CPU.Build.0 = Debug|Any CPU
		{182EC1EA-0F0A-46FE-9089-D6B2D9CA157C}.Release|Any CPU.ActiveCfg = Release|Any CPU
		{182EC1EA-0F0A-46FE-9089-D6B2D9CA157C}.Release|Any CPU.Build.0 = Release|Any CPU
		{1BB9CCDC-A4BB-4DD7-9C56-A3BE70EAD750}.Debug|Any CPU.ActiveCfg = Debug|Any CPU
		{1BB9CCDC-A4BB-4DD7-9C56-A3BE70EAD750}.Debug|Any CPU.Build.0 = Debug|Any CPU
		{1BB9CCDC-A4BB-4DD7-9C56-A3BE70EAD750}.Release|Any CPU.ActiveCfg = Release|Any CPU
		{1BB9CCDC-A4BB-4DD7-9C56-A3BE70EAD750}.Release|Any CPU.Build.0 = Release|Any CPU
		{9F917F28-B9DA-4C1E-8FEC-066A0A2F8331}.Debug|Any CPU.ActiveCfg = Debug|Any CPU
		{9F917F28-B9DA-4C1E-8FEC-066A0A2F8331}.Debug|Any CPU.Build.0 = Debug|Any CPU
		{9F917F28-B9DA-4C1E-8FEC-066A0A2F8331}.Release|Any CPU.ActiveCfg = Release|Any CPU
		{9F917F28-B9DA-4C1E-8FEC-066A0A2F8331}.Release|Any CPU.Build.0 = Release|Any CPU
		{9CC3F0BD-FBEB-4313-B510-A79D4B7B7CB0}.Debug|Any CPU.ActiveCfg = Debug|Any CPU
		{9CC3F0BD-FBEB-4313-B510-A79D4B7B7CB0}.Debug|Any CPU.Build.0 = Debug|Any CPU
		{9CC3F0BD-FBEB-4313-B510-A79D4B7B7CB0}.Release|Any CPU.ActiveCfg = Release|Any CPU
		{9CC3F0BD-FBEB-4313-B510-A79D4B7B7CB0}.Release|Any CPU.Build.0 = Release|Any CPU
		{6F4BBA84-2E22-4603-82ED-2229725A4A59}.Debug|Any CPU.ActiveCfg = Debug|Any CPU
		{6F4BBA84-2E22-4603-82ED-2229725A4A59}.Debug|Any CPU.Build.0 = Debug|Any CPU
		{6F4BBA84-2E22-4603-82ED-2229725A4A59}.Release|Any CPU.ActiveCfg = Release|Any CPU
		{6F4BBA84-2E22-4603-82ED-2229725A4A59}.Release|Any CPU.Build.0 = Release|Any CPU
		{B10FF4FF-ED5E-4CA9-8396-E18583DF9E0C}.Debug|Any CPU.ActiveCfg = Debug|Any CPU
		{B10FF4FF-ED5E-4CA9-8396-E18583DF9E0C}.Debug|Any CPU.Build.0 = Debug|Any CPU
		{B10FF4FF-ED5E-4CA9-8396-E18583DF9E0C}.Release|Any CPU.ActiveCfg = Release|Any CPU
		{B10FF4FF-ED5E-4CA9-8396-E18583DF9E0C}.Release|Any CPU.Build.0 = Release|Any CPU
		{3FC6ED72-233D-4E8F-BF91-690A19301B8F}.Debug|Any CPU.ActiveCfg = Debug|Any CPU
		{3FC6ED72-233D-4E8F-BF91-690A19301B8F}.Debug|Any CPU.Build.0 = Debug|Any CPU
		{3FC6ED72-233D-4E8F-BF91-690A19301B8F}.Release|Any CPU.ActiveCfg = Release|Any CPU
		{3FC6ED72-233D-4E8F-BF91-690A19301B8F}.Release|Any CPU.Build.0 = Release|Any CPU
		{7D1CD197-4B57-414B-8C69-018CDD9A8637}.Debug|Any CPU.ActiveCfg = Debug|Any CPU
		{7D1CD197-4B57-414B-8C69-018CDD9A8637}.Debug|Any CPU.Build.0 = Debug|Any CPU
		{7D1CD197-4B57-414B-8C69-018CDD9A8637}.Release|Any CPU.ActiveCfg = Release|Any CPU
		{7D1CD197-4B57-414B-8C69-018CDD9A8637}.Release|Any CPU.Build.0 = Release|Any CPU
		{02F5DD2E-C689-41C9-A30C-E70CF74C9433}.Debug|Any CPU.ActiveCfg = Debug|Any CPU
		{02F5DD2E-C689-41C9-A30C-E70CF74C9433}.Debug|Any CPU.Build.0 = Debug|Any CPU
		{02F5DD2E-C689-41C9-A30C-E70CF74C9433}.Release|Any CPU.ActiveCfg = Release|Any CPU
		{02F5DD2E-C689-41C9-A30C-E70CF74C9433}.Release|Any CPU.Build.0 = Release|Any CPU
	EndGlobalSection
	GlobalSection(SolutionProperties) = preSolution
		HideSolutionNode = FALSE
	EndGlobalSection
	GlobalSection(NestedProjects) = preSolution
		{84A869A6-18C7-4065-BFBE-C48D703DE37B} = {09EB5335-954B-448C-862A-6E7F0F1F99F7}
		{ABD1BFAA-4DBD-4175-8E58-FD4D19D90D25} = {A718E25B-8B26-41CF-9C1C-52B81B3B3D41}
		{816F7F43-2AC0-435A-84CD-119B1A532AFB} = {8E864789-1C01-4474-83FC-7C1AF03C76E3}
		{182EC1EA-0F0A-46FE-9089-D6B2D9CA157C} = {D595A7FD-79E6-4837-90EF-485EE6FBBDD3}
		{1BB9CCDC-A4BB-4DD7-9C56-A3BE70EAD750} = {FE477221-BC09-4232-A6C3-A03A23AB4DE9}
		{9F917F28-B9DA-4C1E-8FEC-066A0A2F8331} = {47B06E31-E7FC-475F-B3E7-4DF79A6F08FF}
		{9CC3F0BD-FBEB-4313-B510-A79D4B7B7CB0} = {B8BFDB58-D311-423F-B849-34AFDD7ACC43}
		{6F4BBA84-2E22-4603-82ED-2229725A4A59} = {465F1B74-BEC3-45BB-90A3-62C0783FAD83}
		{B10FF4FF-ED5E-4CA9-8396-E18583DF9E0C} = {68CD1C43-9A86-41CF-8A70-C12F8AA2686A}
		{7D1CD197-4B57-414B-8C69-018CDD9A8637} = {D86BC011-DF37-4672-BA11-9F56FD43D082}
		{02F5DD2E-C689-41C9-A30C-E70CF74C9433} = {08586FB8-3AD3-416E-95B2-D38FE6C06EB0}
	EndGlobalSection
	GlobalSection(ExtensibilityGlobals) = postSolution
		SolutionGuid = {521B0EE0-8F33-4A61-8201-E9487CA53E17}
	EndGlobalSection
EndGlobal
